
Microsoft Visual Studio Solution File, Format Version 12.00
# Visual Studio Version 16
VisualStudioVersion = 16.0.31313.79
MinimumVisualStudioVersion = 10.0.40219.1
Project("{FAE04EC0-301F-11D3-BF4B-00C04F79EFBC}") = "BookSearchWeb", "BookSearchWeb\BookSearchWeb.csproj", "{1A89823B-A9CD-4A36-9FAD-F477CE3F935A}"
EndProject
Global
	GlobalSection(SolutionConfigurationPlatforms) = preSolution
		Debug|Any CPU = Debug|Any CPU
		Release|Any CPU = Release|Any CPU
	EndGlobalSection
	GlobalSection(ProjectConfigurationPlatforms) = postSolution
		{1A89823B-A9CD-4A36-9FAD-F477CE3F935A}.Debug|Any CPU.ActiveCfg = Debug|Any CPU
		{1A89823B-A9CD-4A36-9FAD-F477CE3F935A}.Debug|Any CPU.Build.0 = Debug|Any CPU
		{1A89823B-A9CD-4A36-9FAD-F477CE3F935A}.Release|Any CPU.ActiveCfg = Release|Any CPU
		{1A89823B-A9CD-4A36-9FAD-F477CE3F935A}.Release|Any CPU.Build.0 = Release|Any CPU
	EndGlobalSection
	GlobalSection(SolutionProperties) = preSolution
		HideSolutionNode = FALSE
	EndGlobalSection
	GlobalSection(ExtensibilityGlobals) = postSolution
		SolutionGuid = {8B282565-304A-44D9-B971-906496B61210}
	EndGlobalSection
EndGlobal
